
Microsoft Visual Studio Solution File, Format Version 12.00
# Visual Studio Version 17
VisualStudioVersion = 17.6.33829.357
MinimumVisualStudioVersion = 10.0.40219.1
Project("{FAE04EC0-301F-11D3-BF4B-00C04F79EFBC}") = "Test_task_1", "Test_task_1.csproj", "{5431FD8B-0BAC-499D-9679-E994606449FC}"
EndProject
Global
	GlobalSection(SolutionConfigurationPlatforms) = preSolution
		Debug|Any CPU = Debug|Any CPU
		Release|Any CPU = Release|Any CPU
	EndGlobalSection
	GlobalSection(ProjectConfigurationPlatforms) = postSolution
		{5431FD8B-0BAC-499D-9679-E994606449FC}.Debug|Any CPU.ActiveCfg = Debug|Any CPU
		{5431FD8B-0BAC-499D-9679-E994606449FC}.Debug|Any CPU.Build.0 = Debug|Any CPU
		{5431FD8B-0BAC-499D-9679-E994606449FC}.Release|Any CPU.ActiveCfg = Release|Any CPU
		{5431FD8B-0BAC-499D-9679-E994606449FC}.Release|Any CPU.Build.0 = Release|Any CPU
	EndGlobalSection
	GlobalSection(SolutionProperties) = preSolution
		HideSolutionNode = FALSE
	EndGlobalSection
	GlobalSection(ExtensibilityGlobals) = postSolution
		SolutionGuid = {CE7A70A7-715C-4575-8DEF-195BCE66236A}
	EndGlobalSection
EndGlobal
